// !$*UTF8*$!
{
	archiveVersion = 1;
	classes = {
	};
	objectVersion = 50;
	objects = {

/* Begin PBXBuildFile section */
		D2567002227791A40014C52B /* Media1.xcassets in Resources */ = {isa = PBXBuildFile; fileRef = D2567001227791A40014C52B /* Media1.xcassets */; };
		D2E634C32274C933001D8F0C /* GalleryViewController.swift in Sources */ = {isa = PBXBuildFile; fileRef = D2E634C22274C933001D8F0C /* GalleryViewController.swift */; };
		D2E634C522773A9D001D8F0C /* GalleryCollectionViewCell.swift in Sources */ = {isa = PBXBuildFile; fileRef = D2E634C422773A9D001D8F0C /* GalleryCollectionViewCell.swift */; };
		D2EA869B226F7639009A2943 /* AppDelegate.swift in Sources */ = {isa = PBXBuildFile; fileRef = D2EA869A226F7639009A2943 /* AppDelegate.swift */; };
		D2EA869D226F7639009A2943 /* ViewController.swift in Sources */ = {isa = PBXBuildFile; fileRef = D2EA869C226F7639009A2943 /* ViewController.swift */; };
		D2EA86A0226F7639009A2943 /* Main.storyboard in Resources */ = {isa = PBXBuildFile; fileRef = D2EA869E226F7639009A2943 /* Main.storyboard */; };
		D2EA86A5226F763A009A2943 /* LaunchScreen.storyboard in Resources */ = {isa = PBXBuildFile; fileRef = D2EA86A3226F763A009A2943 /* LaunchScreen.storyboard */; };
/* End PBXBuildFile section */

/* Begin PBXFileReference section */
		D2567001227791A40014C52B /* Media1.xcassets */ = {isa = PBXFileReference; lastKnownFileType = folder.assetcatalog; name = Media1.xcassets; path = Media.xcassets/Media1.xcassets; sourceTree = "<group>"; };
		D2E634C22274C933001D8F0C /* GalleryViewController.swift */ = {isa = PBXFileReference; lastKnownFileType = sourcecode.swift; path = GalleryViewController.swift; sourceTree = "<group>"; };
		D2E634C422773A9D001D8F0C /* GalleryCollectionViewCell.swift */ = {isa = PBXFileReference; lastKnownFileType = sourcecode.swift; path = GalleryCollectionViewCell.swift; sourceTree = "<group>"; };
		D2EA8697226F7639009A2943 /* SimpleGallery2.app */ = {isa = PBXFileReference; explicitFileType = wrapper.application; includeInIndex = 0; path = SimpleGallery2.app; sourceTree = BUILT_PRODUCTS_DIR; };
		D2EA869A226F7639009A2943 /* AppDelegate.swift */ = {isa = PBXFileReference; lastKnownFileType = sourcecode.swift; path = AppDelegate.swift; sourceTree = "<group>"; };
		D2EA869C226F7639009A2943 /* ViewController.swift */ = {isa = PBXFileReference; lastKnownFileType = sourcecode.swift; path = ViewController.swift; sourceTree = "<group>"; };
		D2EA869F226F7639009A2943 /* Base */ = {isa = PBXFileReference; lastKnownFileType = file.storyboard; name = Base; path = Base.lproj/Main.storyboard; sourceTree = "<group>"; };
		D2EA86A4226F763A009A2943 /* Base */ = {isa = PBXFileReference; lastKnownFileType = file.storyboard; name = Base; path = Base.lproj/LaunchScreen.storyboard; sourceTree = "<group>"; };
		D2EA86A6226F763A009A2943 /* Info.plist */ = {isa = PBXFileReference; lastKnownFileType = text.plist.xml; path = Info.plist; sourceTree = "<group>"; };
/* End PBXFileReference section */

/* Begin PBXFrameworksBuildPhase section */
		D2EA8694226F7639009A2943 /* Frameworks */ = {
			isa = PBXFrameworksBuildPhase;
			buildActionMask = 2147483647;
			files = (
			);
			runOnlyForDeploymentPostprocessing = 0;
		};
/* End PBXFrameworksBuildPhase section */

/* Begin PBXGroup section */
		D2E634C622773AB3001D8F0C /* Gallery */ = {
			isa = PBXGroup;
			children = (
				D2E634C422773A9D001D8F0C /* GalleryCollectionViewCell.swift */,
				D2E634C22274C933001D8F0C /* GalleryViewController.swift */,
			);
			path = Gallery;
			sourceTree = "<group>";
		};
		D2EA868E226F7639009A2943 = {
			isa = PBXGroup;
			children = (
				D2567001227791A40014C52B /* Media1.xcassets */,
				D2EA8699226F7639009A2943 /* SimpleGallery2 */,
				D2EA8698226F7639009A2943 /* Products */,
			);
			sourceTree = "<group>";
		};
		D2EA8698226F7639009A2943 /* Products */ = {
			isa = PBXGroup;
			children = (
				D2EA8697226F7639009A2943 /* SimpleGallery2.app */,
			);
			name = Products;
			sourceTree = "<group>";
		};
		D2EA8699226F7639009A2943 /* SimpleGallery2 */ = {
			isa = PBXGroup;
			children = (
				D2E634C622773AB3001D8F0C /* Gallery */,
				D2EA869A226F7639009A2943 /* AppDelegate.swift */,
				D2EA869C226F7639009A2943 /* ViewController.swift */,
				D2EA869E226F7639009A2943 /* Main.storyboard */,
				D2EA86A3226F763A009A2943 /* LaunchScreen.storyboard */,
				D2EA86A6226F763A009A2943 /* Info.plist */,
			);
			path = SimpleGallery2;
			sourceTree = "<group>";
		};
/* End PBXGroup section */

/* Begin PBXNativeTarget section */
		D2EA8696226F7639009A2943 /* SimpleGallery2 */ = {
			isa = PBXNativeTarget;
			buildConfigurationList = D2EA86A9226F763A009A2943 /* Build configuration list for PBXNativeTarget "SimpleGallery2" */;
			buildPhases = (
				D2EA8693226F7639009A2943 /* Sources */,
				D2EA8694226F7639009A2943 /* Frameworks */,
				D2EA8695226F7639009A2943 /* Resources */,
			);
			buildRules = (
			);
			dependencies = (
			);
			name = SimpleGallery2;
			productName = SimpleGallery2;
			productReference = D2EA8697226F7639009A2943 /* SimpleGallery2.app */;
			productType = "com.apple.product-type.application";
		};
/* End PBXNativeTarget section */

/* Begin PBXProject section */
		D2EA868F226F7639009A2943 /* Project object */ = {
			isa = PBXProject;
			attributes = {
				LastSwiftUpdateCheck = 1020;
				LastUpgradeCheck = 1020;
				ORGANIZATIONNAME = "Истина";
				TargetAttributes = {
					D2EA8696226F7639009A2943 = {
						CreatedOnToolsVersion = 10.2.1;
					};
				};
			};
			buildConfigurationList = D2EA8692226F7639009A2943 /* Build configuration list for PBXProject "SimpleGallery2" */;
			compatibilityVersion = "Xcode 9.3";
			developmentRegion = en;
			hasScannedForEncodings = 0;
			knownRegions = (
				en,
				Base,
			);
			mainGroup = D2EA868E226F7639009A2943;
			productRefGroup = D2EA8698226F7639009A2943 /* Products */;
			projectDirPath = "";
			projectRoot = "";
			targets = (
				D2EA8696226F7639009A2943 /* SimpleGallery2 */,
			);
		};
/* End PBXProject section */

/* Begin PBXResourcesBuildPhase section */
		D2EA8695226F7639009A2943 /* Resources */ = {
			isa = PBXResourcesBuildPhase;
			buildActionMask = 2147483647;
			files = (
				D2567002227791A40014C52B /* Media1.xcassets in Resources */,
				D2EA86A5226F763A009A2943 /* LaunchScreen.storyboard in Resources */,
				D2EA86A0226F7639009A2943 /* Main.storyboard in Resources */,
			);
			runOnlyForDeploymentPostprocessing = 0;
		};
/* End PBXResourcesBuildPhase section */

/* Begin PBXSourcesBuildPhase section */
		D2EA8693226F7639009A2943 /* Sources */ = {
			isa = PBXSourcesBuildPhase;
			buildActionMask = 2147483647;
			files = (
				D2E634C32274C933001D8F0C /* GalleryViewController.swift in Sources */,
				D2E634C522773A9D001D8F0C /* GalleryCollectionViewCell.swift in Sources */,
				D2EA869D226F7639009A2943 /* ViewController.swift in Sources */,
				D2EA869B226F7639009A2943 /* AppDelegate.swift in Sources */,
			);
			runOnlyForDeploymentPostprocessing = 0;
		};
/* End PBXSourcesBuildPhase section */

/* Begin PBXVariantGroup section */
		D2EA869E226F7639009A2943 /* Main.storyboard */ = {
			isa = PBXVariantGroup;
			children = (
				D2EA869F226F7639009A2943 /* Base */,
			);
			name = Main.storyboard;
			sourceTree = "<group>";
		};
		D2EA86A3226F763A009A2943 /* LaunchScreen.storyboard */ = {
			isa = PBXVariantGroup;
			children = (
				D2EA86A4226F763A009A2943 /* Base */,
			);
			name = LaunchScreen.storyboard;
			sourceTree = "<group>";
		};
/* End PBXVariantGroup section */

/* Begin XCBuildConfiguration section */
		D2EA86A7226F763A009A2943 /* Debug */ = {
			isa = XCBuildConfiguration;
			buildSettings = {
				ALWAYS_SEARCH_USER_PATHS = NO;
				CLANG_ANALYZER_NONNULL = YES;
				CLANG_ANALYZER_NUMBER_OBJECT_CONVERSION = YES_AGGRESSIVE;
				CLANG_CXX_LANGUAGE_STANDARD = "gnu++14";
				CLANG_CXX_LIBRARY = "libc++";
				CLANG_ENABLE_MODULES = YES;
				CLANG_ENABLE_OBJC_ARC = YES;
				CLANG_ENABLE_OBJC_WEAK = YES;
				CLANG_WARN_BLOCK_CAPTURE_AUTORELEASING = YES;
				CLANG_WARN_BOOL_CONVERSION = YES;
				CLANG_WARN_COMMA = YES;
				CLANG_WARN_CONSTANT_CONVERSION = YES;
				CLANG_WARN_DEPRECATED_OBJC_IMPLEMENTATIONS = YES;
				CLANG_WARN_DIRECT_OBJC_ISA_USAGE = YES_ERROR;
				CLANG_WARN_DOCUMENTATION_COMMENTS = YES;
				CLANG_WARN_EMPTY_BODY = YES;
				CLANG_WARN_ENUM_CONVERSION = YES;
				CLANG_WARN_INFINITE_RECURSION = YES;
				CLANG_WARN_INT_CONVERSION = YES;
				CLANG_WARN_NON_LITERAL_NULL_CONVERSION = YES;
				CLANG_WARN_OBJC_IMPLICIT_RETAIN_SELF = YES;
				CLANG_WARN_OBJC_LITERAL_CONVERSION = YES;
				CLANG_WARN_OBJC_ROOT_CLASS = YES_ERROR;
				CLANG_WARN_RANGE_LOOP_ANALYSIS = YES;
				CLANG_WARN_STRICT_PROTOTYPES = YES;
				CLANG_WARN_SUSPICIOUS_MOVE = YES;
				CLANG_WARN_UNGUARDED_AVAILABILITY = YES_AGGRESSIVE;
				CLANG_WARN_UNREACHABLE_CODE = YES;
				CLANG_WARN__DUPLICATE_METHOD_MATCH = YES;
				CODE_SIGN_IDENTITY = "iPhone Developer";
				COPY_PHASE_STRIP = NO;
				DEBUG_INFORMATION_FORMAT = dwarf;
				ENABLE_STRICT_OBJC_MSGSEND = YES;
				ENABLE_TESTABILITY = YES;
				GCC_C_LANGUAGE_STANDARD = gnu11;
				GCC_DYNAMIC_NO_PIC = NO;
				GCC_NO_COMMON_BLOCKS = YES;
				GCC_OPTIMIZATION_LEVEL = 0;
				GCC_PREPROCESSOR_DEFINITIONS = (
					"DEBUG=1",
					"$(inherited)",
				);
				GCC_WARN_64_TO_32_BIT_CONVERSION = YES;
				GCC_WARN_ABOUT_RETURN_TYPE = YES_ERROR;
				GCC_WARN_UNDECLARED_SELECTOR = YES;
				GCC_WARN_UNINITIALIZED_AUTOS = YES_AGGRESSIVE;
				GCC_WARN_UNUSED_FUNCTION = YES;
				GCC_WARN_UNUSED_VARIABLE = YES;
				IPHONEOS_DEPLOYMENT_TARGET = 12.2;
				MTL_ENABLE_DEBUG_INFO = INCLUDE_SOURCE;
				MTL_FAST_MATH = YES;
				ONLY_ACTIVE_ARCH = YES;
				SDKROOT = iphoneos;
				SWIFT_ACTIVE_COMPILATION_CONDITIONS = DEBUG;
				SWIFT_OPTIMIZATION_LEVEL = "-Onone";
			};
			name = Debug;
		};
		D2EA86A8226F763A009A2943 /* Release */ = {
			isa = XCBuildConfiguration;
			buildSettings = {
				ALWAYS_SEARCH_USER_PATHS = NO;
				CLANG_ANALYZER_NONNULL = YES;
				CLANG_ANALYZER_NUMBER_OBJECT_CONVERSION = YES_AGGRESSIVE;
				CLANG_CXX_LANGUAGE_STANDARD = "gnu++14";
				CLANG_CXX_LIBRARY = "libc++";
				CLANG_ENABLE_MODULES = YES;
				CLANG_ENABLE_OBJC_ARC = YES;
				CLANG_ENABLE_OBJC_WEAK = YES;
				CLANG_WARN_BLOCK_CAPTURE_AUTORELEASING = YES;
				CLANG_WARN_BOOL_CONVERSION = YES;
				CLANG_WARN_COMMA = YES;
				CLANG_WARN_CONSTANT_CONVERSION = YES;
				CLANG_WARN_DEPRECATED_OBJC_IMPLEMENTATIONS = YES;
				CLANG_WARN_DIRECT_OBJC_ISA_USAGE = YES_ERROR;
				CLANG_WARN_DOCUMENTATION_COMMENTS = YES;
				CLANG_WARN_EMPTY_BODY = YES;
				CLANG_WARN_ENUM_CONVERSION = YES;
				CLANG_WARN_INFINITE_RECURSION = YES;
				CLANG_WARN_INT_CONVERSION = YES;
				CLANG_WARN_NON_LITERAL_NULL_CONVERSION = YES;
				CLANG_WARN_OBJC_IMPLICIT_RETAIN_SELF = YES;
				CLANG_WARN_OBJC_LITERAL_CONVERSION = YES;
				CLANG_WARN_OBJC_ROOT_CLASS = YES_ERROR;
				CLANG_WARN_RANGE_LOOP_ANALYSIS = YES;
				CLANG_WARN_STRICT_PROTOTYPES = YES;
				CLANG_WARN_SUSPICIOUS_MOVE = YES;
				CLANG_WARN_UNGUARDED_AVAILABILITY = YES_AGGRESSIVE;
				CLANG_WARN_UNREACHABLE_CODE = YES;
				CLANG_WARN__DUPLICATE_METHOD_MATCH = YES;
				CODE_SIGN_IDENTITY = "iPhone Developer";
				COPY_PHASE_STRIP = NO;
				DEBUG_INFORMATION_FORMAT = "dwarf-with-dsym";
				ENABLE_NS_ASSERTIONS = NO;
				ENABLE_STRICT_OBJC_MSGSEND = YES;
				GCC_C_LANGUAGE_STANDARD = gnu11;
				GCC_NO_COMMON_BLOCKS = YES;
				GCC_WARN_64_TO_32_BIT_CONVERSION = YES;
				GCC_WARN_ABOUT_RETURN_TYPE = YES_ERROR;
				GCC_WARN_UNDECLARED_SELECTOR = YES;
				GCC_WARN_UNINITIALIZED_AUTOS = YES_AGGRESSIVE;
				GCC_WARN_UNUSED_FUNCTION = YES;
				GCC_WARN_UNUSED_VARIABLE = YES;
				IPHONEOS_DEPLOYMENT_TARGET = 12.2;
				MTL_ENABLE_DEBUG_INFO = NO;
				MTL_FAST_MATH = YES;
				SDKROOT = iphoneos;
				SWIFT_COMPILATION_MODE = wholemodule;
				SWIFT_OPTIMIZATION_LEVEL = "-O";
				VALIDATE_PRODUCT = YES;
			};
			name = Release;
		};
		D2EA86AA226F763A009A2943 /* Debug */ = {
			isa = XCBuildConfiguration;
			buildSettings = {
				ASSETCATALOG_COMPILER_APPICON_NAME = AppIcon;
				CODE_SIGN_STYLE = Automatic;
				DEVELOPMENT_TEAM = X8N3QLM869;
				INFOPLIST_FILE = SimpleGallery2/Info.plist;
				LD_RUNPATH_SEARCH_PATHS = (
					"$(inherited)",
					"@executable_path/Frameworks",
				);
				PRODUCT_BUNDLE_IDENTIFIER = "-kk.SimpleGallery2";
				PRODUCT_NAME = "$(TARGET_NAME)";
				SWIFT_VERSION = 5.0;
				TARGETED_DEVICE_FAMILY = "1,2";
			};
			name = Debug;
		};
		D2EA86AB226F763A009A2943 /* Release */ = {
			isa = XCBuildConfiguration;
			buildSettings = {
				ASSETCATALOG_COMPILER_APPICON_NAME = AppIcon;
				CODE_SIGN_STYLE = Automatic;
				DEVELOPMENT_TEAM = X8N3QLM869;
				INFOPLIST_FILE = SimpleGallery2/Info.plist;
				LD_RUNPATH_SEARCH_PATHS = (
					"$(inherited)",
					"@executable_path/Frameworks",
				);
				PRODUCT_BUNDLE_IDENTIFIER = "-kk.SimpleGallery2";
				PRODUCT_NAME = "$(TARGET_NAME)";
				SWIFT_VERSION = 5.0;
				TARGETED_DEVICE_FAMILY = "1,2";
			};
			name = Release;
		};
/* End XCBuildConfiguration section */

/* Begin XCConfigurationList section */
		D2EA8692226F7639009A2943 /* Build configuration list for PBXProject "SimpleGallery2" */ = {
			isa = XCConfigurationList;
			buildConfigurations = (
				D2EA86A7226F763A009A2943 /* Debug */,
				D2EA86A8226F763A009A2943 /* Release */,
			);
			defaultConfigurationIsVisible = 0;
			defaultConfigurationName = Release;
		};
		D2EA86A9226F763A009A2943 /* Build configuration list for PBXNativeTarget "SimpleGallery2" */ = {
			isa = XCConfigurationList;
			buildConfigurations = (
				D2EA86AA226F763A009A2943 /* Debug */,
				D2EA86AB226F763A009A2943 /* Release */,
			);
			defaultConfigurationIsVisible = 0;
			defaultConfigurationName = Release;
		};
/* End XCConfigurationList section */
	};
	rootObject = D2EA868F226F7639009A2943 /* Project object */;
}
